
Microsoft Visual Studio Solution File, Format Version 12.00
# Visual Studio Version 17
VisualStudioVersion = 17.3.32929.385
MinimumVisualStudioVersion = 10.0.40219.1
Project("{FAE04EC0-301F-11D3-BF4B-00C04F79EFBC}") = "Project Hoteel", "Project Hoteel\Project Hoteel.csproj", "{424B2E68-2C1D-4640-864E-D546B1C20D60}"
EndProject
Project("{2150E333-8FDC-42A3-9474-1A3956D46DE8}") = "Solution Items", "Solution Items", "{3192CA3B-97C4-414C-93EE-CB4809AF03DA}"
	ProjectSection(SolutionItems) = preProject
		.editorconfig = .editorconfig
	EndProjectSection
EndProject
Global
	GlobalSection(SolutionConfigurationPlatforms) = preSolution
		Debug|Any CPU = Debug|Any CPU
		Release|Any CPU = Release|Any CPU
	EndGlobalSection
	GlobalSection(ProjectConfigurationPlatforms) = postSolution
		{424B2E68-2C1D-4640-864E-D546B1C20D60}.Debug|Any CPU.ActiveCfg = Debug|Any CPU
		{424B2E68-2C1D-4640-864E-D546B1C20D60}.Debug|Any CPU.Build.0 = Debug|Any CPU
		{424B2E68-2C1D-4640-864E-D546B1C20D60}.Release|Any CPU.ActiveCfg = Release|Any CPU
		{424B2E68-2C1D-4640-864E-D546B1C20D60}.Release|Any CPU.Build.0 = Release|Any CPU
	EndGlobalSection
	GlobalSection(SolutionProperties) = preSolution
		HideSolutionNode = FALSE
	EndGlobalSection
	GlobalSection(ExtensibilityGlobals) = postSolution
		SolutionGuid = {A29C0AE0-4DD3-449D-99CA-276102E0CFCE}
	EndGlobalSection
EndGlobal
